
Microsoft Visual Studio Solution File, Format Version 12.00
# Visual Studio 14
VisualStudioVersion = 14.0.23107.0
MinimumVisualStudioVersion = 10.0.40219.1
Project("{FAE04EC0-301F-11D3-BF4B-00C04F79EFBC}") = "AuthorizationWeb", "AuthorizationSystem\AuthorizationWeb.csproj", "{410C5FC3-EE9D-4088-BAEA-F76100E9CBBA}"
EndProject
Project("{FAE04EC0-301F-11D3-BF4B-00C04F79EFBC}") = "AuthorizationLibrary", "AuthorizationLibrary\AuthorizationLibrary.csproj", "{B5593677-5523-47D3-A22D-5AF5527507E2}"
EndProject
Global
	GlobalSection(SolutionConfigurationPlatforms) = preSolution
		Debug|Any CPU = Debug|Any CPU
		Release|Any CPU = Release|Any CPU
	EndGlobalSection
	GlobalSection(ProjectConfigurationPlatforms) = postSolution
		{410C5FC3-EE9D-4088-BAEA-F76100E9CBBA}.Debug|Any CPU.ActiveCfg = Debug|Any CPU
		{410C5FC3-EE9D-4088-BAEA-F76100E9CBBA}.Debug|Any CPU.Build.0 = Debug|Any CPU
		{410C5FC3-EE9D-4088-BAEA-F76100E9CBBA}.Release|Any CPU.ActiveCfg = Release|Any CPU
		{410C5FC3-EE9D-4088-BAEA-F76100E9CBBA}.Release|Any CPU.Build.0 = Release|Any CPU
		{B5593677-5523-47D3-A22D-5AF5527507E2}.Debug|Any CPU.ActiveCfg = Debug|Any CPU
		{B5593677-5523-47D3-A22D-5AF5527507E2}.Debug|Any CPU.Build.0 = Debug|Any CPU
		{B5593677-5523-47D3-A22D-5AF5527507E2}.Release|Any CPU.ActiveCfg = Release|Any CPU
		{B5593677-5523-47D3-A22D-5AF5527507E2}.Release|Any CPU.Build.0 = Release|Any CPU
	EndGlobalSection
	GlobalSection(SolutionProperties) = preSolution
		HideSolutionNode = FALSE
	EndGlobalSection
EndGlobal
